// !$*UTF8*$!
{
	archiveVersion = 1;
	classes = {
	};
	objectVersion = 54;
	objects = {

/* Begin PBXBuildFile section */
		1F5946C51596CCD391AF2ACF /* Pods_ViewAnimations.framework in Frameworks */ = {isa = PBXBuildFile; fileRef = 91C950DA3474B6D2ECE07B01 /* Pods_ViewAnimations.framework */; };
		6A3D7442270B458D00584FE4 /* AppDelegate.swift in Sources */ = {isa = PBXBuildFile; fileRef = 6A3D7441270B458D00584FE4 /* AppDelegate.swift */; };
		6A3D7444270B458D00584FE4 /* SceneDelegate.swift in Sources */ = {isa = PBXBuildFile; fileRef = 6A3D7443270B458D00584FE4 /* SceneDelegate.swift */; };
		6A3D7446270B458D00584FE4 /* ViewController.swift in Sources */ = {isa = PBXBuildFile; fileRef = 6A3D7445270B458D00584FE4 /* ViewController.swift */; };
		6A3D7449270B458D00584FE4 /* Main.storyboard in Resources */ = {isa = PBXBuildFile; fileRef = 6A3D7447270B458D00584FE4 /* Main.storyboard */; };
		6A3D744B270B458F00584FE4 /* Assets.xcassets in Resources */ = {isa = PBXBuildFile; fileRef = 6A3D744A270B458F00584FE4 /* Assets.xcassets */; };
		6A3D744E270B458F00584FE4 /* LaunchScreen.storyboard in Resources */ = {isa = PBXBuildFile; fileRef = 6A3D744C270B458F00584FE4 /* LaunchScreen.storyboard */; };
		6A3D7457270B649A00584FE4 /* ZoomAnimation.swift in Sources */ = {isa = PBXBuildFile; fileRef = 6A3D7456270B649A00584FE4 /* ZoomAnimation.swift */; };
		6A3D745A270BD08A00584FE4 /* RotateAnimation.swift in Sources */ = {isa = PBXBuildFile; fileRef = 6A3D7459270BD08A00584FE4 /* RotateAnimation.swift */; };
		6A3D745C270BD11900584FE4 /* MoveAnimation.swift in Sources */ = {isa = PBXBuildFile; fileRef = 6A3D745B270BD11900584FE4 /* MoveAnimation.swift */; };
/* End PBXBuildFile section */

/* Begin PBXFileReference section */
		6A3D743E270B458D00584FE4 /* ViewAnimations.app */ = {isa = PBXFileReference; explicitFileType = wrapper.application; includeInIndex = 0; path = ViewAnimations.app; sourceTree = BUILT_PRODUCTS_DIR; };
		6A3D7441270B458D00584FE4 /* AppDelegate.swift */ = {isa = PBXFileReference; lastKnownFileType = sourcecode.swift; path = AppDelegate.swift; sourceTree = "<group>"; };
		6A3D7443270B458D00584FE4 /* SceneDelegate.swift */ = {isa = PBXFileReference; lastKnownFileType = sourcecode.swift; path = SceneDelegate.swift; sourceTree = "<group>"; };
		6A3D7445270B458D00584FE4 /* ViewController.swift */ = {isa = PBXFileReference; lastKnownFileType = sourcecode.swift; path = ViewController.swift; sourceTree = "<group>"; };
		6A3D7448270B458D00584FE4 /* Base */ = {isa = PBXFileReference; lastKnownFileType = file.storyboard; name = Base; path = Base.lproj/Main.storyboard; sourceTree = "<group>"; };
		6A3D744A270B458F00584FE4 /* Assets.xcassets */ = {isa = PBXFileReference; lastKnownFileType = folder.assetcatalog; path = Assets.xcassets; sourceTree = "<group>"; };
		6A3D744D270B458F00584FE4 /* Base */ = {isa = PBXFileReference; lastKnownFileType = file.storyboard; name = Base; path = Base.lproj/LaunchScreen.storyboard; sourceTree = "<group>"; };
		6A3D744F270B458F00584FE4 /* Info.plist */ = {isa = PBXFileReference; lastKnownFileType = text.plist.xml; path = Info.plist; sourceTree = "<group>"; };
		6A3D7456270B649A00584FE4 /* ZoomAnimation.swift */ = {isa = PBXFileReference; lastKnownFileType = sourcecode.swift; path = ZoomAnimation.swift; sourceTree = "<group>"; };
		6A3D7459270BD08A00584FE4 /* RotateAnimation.swift */ = {isa = PBXFileReference; lastKnownFileType = sourcecode.swift; path = RotateAnimation.swift; sourceTree = "<group>"; };
		6A3D745B270BD11900584FE4 /* MoveAnimation.swift */ = {isa = PBXFileReference; lastKnownFileType = sourcecode.swift; path = MoveAnimation.swift; sourceTree = "<group>"; };
		88AE88B1BB56352160DA4896 /* Pods-ViewAnimations.debug.xcconfig */ = {isa = PBXFileReference; includeInIndex = 1; lastKnownFileType = text.xcconfig; name = "Pods-ViewAnimations.debug.xcconfig"; path = "Target Support Files/Pods-ViewAnimations/Pods-ViewAnimations.debug.xcconfig"; sourceTree = "<group>"; };
		8EFA3AD65762ECF56D53D598 /* Pods-ViewAnimations.release.xcconfig */ = {isa = PBXFileReference; includeInIndex = 1; lastKnownFileType = text.xcconfig; name = "Pods-ViewAnimations.release.xcconfig"; path = "Target Support Files/Pods-ViewAnimations/Pods-ViewAnimations.release.xcconfig"; sourceTree = "<group>"; };
		91C950DA3474B6D2ECE07B01 /* Pods_ViewAnimations.framework */ = {isa = PBXFileReference; explicitFileType = wrapper.framework; includeInIndex = 0; path = Pods_ViewAnimations.framework; sourceTree = BUILT_PRODUCTS_DIR; };
/* End PBXFileReference section */

/* Begin PBXFrameworksBuildPhase section */
		6A3D743B270B458D00584FE4 /* Frameworks */ = {
			isa = PBXFrameworksBuildPhase;
			buildActionMask = 2147483647;
			files = (
				1F5946C51596CCD391AF2ACF /* Pods_ViewAnimations.framework in Frameworks */,
			);
			runOnlyForDeploymentPostprocessing = 0;
		};
/* End PBXFrameworksBuildPhase section */

/* Begin PBXGroup section */
		5B701FD3D6BB3F920E27B745 /* Pods */ = {
			isa = PBXGroup;
			children = (
				88AE88B1BB56352160DA4896 /* Pods-ViewAnimations.debug.xcconfig */,
				8EFA3AD65762ECF56D53D598 /* Pods-ViewAnimations.release.xcconfig */,
			);
			path = Pods;
			sourceTree = "<group>";
		};
		6A3D7435270B458D00584FE4 = {
			isa = PBXGroup;
			children = (
				6A3D7440270B458D00584FE4 /* ViewAnimations */,
				6A3D743F270B458D00584FE4 /* Products */,
				5B701FD3D6BB3F920E27B745 /* Pods */,
				8F9E221AEB4ADC845DE5FA76 /* Frameworks */,
			);
			sourceTree = "<group>";
		};
		6A3D743F270B458D00584FE4 /* Products */ = {
			isa = PBXGroup;
			children = (
				6A3D743E270B458D00584FE4 /* ViewAnimations.app */,
			);
			name = Products;
			sourceTree = "<group>";
		};
		6A3D7440270B458D00584FE4 /* ViewAnimations */ = {
			isa = PBXGroup;
			children = (
				6A3D7458270BD03D00584FE4 /* AppLifeCycle */,
				6A3D7455270B63E700584FE4 /* AnimationView */,
				6A3D7445270B458D00584FE4 /* ViewController.swift */,
				6A3D7447270B458D00584FE4 /* Main.storyboard */,
				6A3D744A270B458F00584FE4 /* Assets.xcassets */,
				6A3D744C270B458F00584FE4 /* LaunchScreen.storyboard */,
				6A3D744F270B458F00584FE4 /* Info.plist */,
			);
			path = ViewAnimations;
			sourceTree = "<group>";
		};
		6A3D7455270B63E700584FE4 /* AnimationView */ = {
			isa = PBXGroup;
			children = (
				6A3D7456270B649A00584FE4 /* ZoomAnimation.swift */,
				6A3D7459270BD08A00584FE4 /* RotateAnimation.swift */,
				6A3D745B270BD11900584FE4 /* MoveAnimation.swift */,
			);
			path = AnimationView;
			sourceTree = "<group>";
		};
		6A3D7458270BD03D00584FE4 /* AppLifeCycle */ = {
			isa = PBXGroup;
			children = (
				6A3D7441270B458D00584FE4 /* AppDelegate.swift */,
				6A3D7443270B458D00584FE4 /* SceneDelegate.swift */,
			);
			path = AppLifeCycle;
			sourceTree = "<group>";
		};
		8F9E221AEB4ADC845DE5FA76 /* Frameworks */ = {
			isa = PBXGroup;
			children = (
				91C950DA3474B6D2ECE07B01 /* Pods_ViewAnimations.framework */,
			);
			name = Frameworks;
			sourceTree = "<group>";
		};
/* End PBXGroup section */

/* Begin PBXNativeTarget section */
		6A3D743D270B458D00584FE4 /* ViewAnimations */ = {
			isa = PBXNativeTarget;
			buildConfigurationList = 6A3D7452270B458F00584FE4 /* Build configuration list for PBXNativeTarget "ViewAnimations" */;
			buildPhases = (
				6516276DC9946100EA9C7E2A /* [CP] Check Pods Manifest.lock */,
				6A3D743A270B458D00584FE4 /* Sources */,
				6A3D743B270B458D00584FE4 /* Frameworks */,
				6A3D743C270B458D00584FE4 /* Resources */,
				97D2CB517F097EC8C968750F /* [CP] Embed Pods Frameworks */,
			);
			buildRules = (
			);
			dependencies = (
			);
			name = ViewAnimations;
			productName = ViewAnimations;
			productReference = 6A3D743E270B458D00584FE4 /* ViewAnimations.app */;
			productType = "com.apple.product-type.application";
		};
/* End PBXNativeTarget section */

/* Begin PBXProject section */
		6A3D7436270B458D00584FE4 /* Project object */ = {
			isa = PBXProject;
			attributes = {
				BuildIndependentTargetsInParallel = 1;
				LastSwiftUpdateCheck = 1300;
				LastUpgradeCheck = 1300;
				TargetAttributes = {
					6A3D743D270B458D00584FE4 = {
						CreatedOnToolsVersion = 13.0;
					};
				};
			};
			buildConfigurationList = 6A3D7439270B458D00584FE4 /* Build configuration list for PBXProject "ViewAnimations" */;
			compatibilityVersion = "Xcode 12.0";
			developmentRegion = en;
			hasScannedForEncodings = 0;
			knownRegions = (
				en,
				Base,
			);
			mainGroup = 6A3D7435270B458D00584FE4;
			productRefGroup = 6A3D743F270B458D00584FE4 /* Products */;
			projectDirPath = "";
			projectRoot = "";
			targets = (
				6A3D743D270B458D00584FE4 /* ViewAnimations */,
			);
		};
/* End PBXProject section */

/* Begin PBXResourcesBuildPhase section */
		6A3D743C270B458D00584FE4 /* Resources */ = {
			isa = PBXResourcesBuildPhase;
			buildActionMask = 2147483647;
			files = (
				6A3D744E270B458F00584FE4 /* LaunchScreen.storyboard in Resources */,
				6A3D744B270B458F00584FE4 /* Assets.xcassets in Resources */,
				6A3D7449270B458D00584FE4 /* Main.storyboard in Resources */,
			);
			runOnlyForDeploymentPostprocessing = 0;
		};
/* End PBXResourcesBuildPhase section */

/* Begin PBXShellScriptBuildPhase section */
		6516276DC9946100EA9C7E2A /* [CP] Check Pods Manifest.lock */ = {
			isa = PBXShellScriptBuildPhase;
			buildActionMask = 2147483647;
			files = (
			);
			inputFileListPaths = (
			);
			inputPaths = (
				"${PODS_PODFILE_DIR_PATH}/Podfile.lock",
				"${PODS_ROOT}/Manifest.lock",
			);
			name = "[CP] Check Pods Manifest.lock";
			outputFileListPaths = (
			);
			outputPaths = (
				"$(DERIVED_FILE_DIR)/Pods-ViewAnimations-checkManifestLockResult.txt",
			);
			runOnlyForDeploymentPostprocessing = 0;
			shellPath = /bin/sh;
			shellScript = "diff \"${PODS_PODFILE_DIR_PATH}/Podfile.lock\" \"${PODS_ROOT}/Manifest.lock\" > /dev/null\nif [ $? != 0 ] ; then\n    # print error to STDERR\n    echo \"error: The sandbox is not in sync with the Podfile.lock. Run 'pod install' or update your CocoaPods installation.\" >&2\n    exit 1\nfi\n# This output is used by Xcode 'outputs' to avoid re-running this script phase.\necho \"SUCCESS\" > \"${SCRIPT_OUTPUT_FILE_0}\"\n";
			showEnvVarsInLog = 0;
		};
		97D2CB517F097EC8C968750F /* [CP] Embed Pods Frameworks */ = {
			isa = PBXShellScriptBuildPhase;
			buildActionMask = 2147483647;
			files = (
			);
			inputFileListPaths = (
				"${PODS_ROOT}/Target Support Files/Pods-ViewAnimations/Pods-ViewAnimations-frameworks-${CONFIGURATION}-input-files.xcfilelist",
			);
			name = "[CP] Embed Pods Frameworks";
			outputFileListPaths = (
				"${PODS_ROOT}/Target Support Files/Pods-ViewAnimations/Pods-ViewAnimations-frameworks-${CONFIGURATION}-output-files.xcfilelist",
			);
			runOnlyForDeploymentPostprocessing = 0;
			shellPath = /bin/sh;
			shellScript = "\"${PODS_ROOT}/Target Support Files/Pods-ViewAnimations/Pods-ViewAnimations-frameworks.sh\"\n";
			showEnvVarsInLog = 0;
		};
/* End PBXShellScriptBuildPhase section */

/* Begin PBXSourcesBuildPhase section */
		6A3D743A270B458D00584FE4 /* Sources */ = {
			isa = PBXSourcesBuildPhase;
			buildActionMask = 2147483647;
			files = (
				6A3D7446270B458D00584FE4 /* ViewController.swift in Sources */,
				6A3D7442270B458D00584FE4 /* AppDelegate.swift in Sources */,
				6A3D7444270B458D00584FE4 /* SceneDelegate.swift in Sources */,
				6A3D745C270BD11900584FE4 /* MoveAnimation.swift in Sources */,
				6A3D745A270BD08A00584FE4 /* RotateAnimation.swift in Sources */,
				6A3D7457270B649A00584FE4 /* ZoomAnimation.swift in Sources */,
			);
			runOnlyForDeploymentPostprocessing = 0;
		};
/* End PBXSourcesBuildPhase section */

/* Begin PBXVariantGroup section */
		6A3D7447270B458D00584FE4 /* Main.storyboard */ = {
			isa = PBXVariantGroup;
			children = (
				6A3D7448270B458D00584FE4 /* Base */,
			);
			name = Main.storyboard;
			sourceTree = "<group>";
		};
		6A3D744C270B458F00584FE4 /* LaunchScreen.storyboard */ = {
			isa = PBXVariantGroup;
			children = (
				6A3D744D270B458F00584FE4 /* Base */,
			);
			name = LaunchScreen.storyboard;
			sourceTree = "<group>";
		};
/* End PBXVariantGroup section */

/* Begin XCBuildConfiguration section */
		6A3D7450270B458F00584FE4 /* Debug */ = {
			isa = XCBuildConfiguration;
			buildSettings = {
				ALWAYS_SEARCH_USER_PATHS = NO;
				CLANG_ANALYZER_NONNULL = YES;
				CLANG_ANALYZER_NUMBER_OBJECT_CONVERSION = YES_AGGRESSIVE;
				CLANG_CXX_LANGUAGE_STANDARD = "gnu++17";
				CLANG_CXX_LIBRARY = "libc++";
				CLANG_ENABLE_MODULES = YES;
				CLANG_ENABLE_OBJC_ARC = YES;
				CLANG_ENABLE_OBJC_WEAK = YES;
				CLANG_WARN_BLOCK_CAPTURE_AUTORELEASING = YES;
				CLANG_WARN_BOOL_CONVERSION = YES;
				CLANG_WARN_COMMA = YES;
				CLANG_WARN_CONSTANT_CONVERSION = YES;
				CLANG_WARN_DEPRECATED_OBJC_IMPLEMENTATIONS = YES;
				CLANG_WARN_DIRECT_OBJC_ISA_USAGE = YES_ERROR;
				CLANG_WARN_DOCUMENTATION_COMMENTS = YES;
				CLANG_WARN_EMPTY_BODY = YES;
				CLANG_WARN_ENUM_CONVERSION = YES;
				CLANG_WARN_INFINITE_RECURSION = YES;
				CLANG_WARN_INT_CONVERSION = YES;
				CLANG_WARN_NON_LITERAL_NULL_CONVERSION = YES;
				CLANG_WARN_OBJC_IMPLICIT_RETAIN_SELF = YES;
				CLANG_WARN_OBJC_LITERAL_CONVERSION = YES;
				CLANG_WARN_OBJC_ROOT_CLASS = YES_ERROR;
				CLANG_WARN_QUOTED_INCLUDE_IN_FRAMEWORK_HEADER = YES;
				CLANG_WARN_RANGE_LOOP_ANALYSIS = YES;
				CLANG_WARN_STRICT_PROTOTYPES = YES;
				CLANG_WARN_SUSPICIOUS_MOVE = YES;
				CLANG_WARN_UNGUARDED_AVAILABILITY = YES_AGGRESSIVE;
				CLANG_WARN_UNREACHABLE_CODE = YES;
				CLANG_WARN__DUPLICATE_METHOD_MATCH = YES;
				COPY_PHASE_STRIP = NO;
				DEBUG_INFORMATION_FORMAT = dwarf;
				ENABLE_STRICT_OBJC_MSGSEND = YES;
				ENABLE_TESTABILITY = YES;
				GCC_C_LANGUAGE_STANDARD = gnu11;
				GCC_DYNAMIC_NO_PIC = NO;
				GCC_NO_COMMON_BLOCKS = YES;
				GCC_OPTIMIZATION_LEVEL = 0;
				GCC_PREPROCESSOR_DEFINITIONS = (
					"DEBUG=1",
					"$(inherited)",
				);
				GCC_WARN_64_TO_32_BIT_CONVERSION = YES;
				GCC_WARN_ABOUT_RETURN_TYPE = YES_ERROR;
				GCC_WARN_UNDECLARED_SELECTOR = YES;
				GCC_WARN_UNINITIALIZED_AUTOS = YES_AGGRESSIVE;
				GCC_WARN_UNUSED_FUNCTION = YES;
				GCC_WARN_UNUSED_VARIABLE = YES;
				IPHONEOS_DEPLOYMENT_TARGET = 15.0;
				MTL_ENABLE_DEBUG_INFO = INCLUDE_SOURCE;
				MTL_FAST_MATH = YES;
				ONLY_ACTIVE_ARCH = YES;
				SDKROOT = iphoneos;
				SWIFT_ACTIVE_COMPILATION_CONDITIONS = DEBUG;
				SWIFT_OPTIMIZATION_LEVEL = "-Onone";
			};
			name = Debug;
		};
		6A3D7451270B458F00584FE4 /* Release */ = {
			isa = XCBuildConfiguration;
			buildSettings = {
				ALWAYS_SEARCH_USER_PATHS = NO;
				CLANG_ANALYZER_NONNULL = YES;
				CLANG_ANALYZER_NUMBER_OBJECT_CONVERSION = YES_AGGRESSIVE;
				CLANG_CXX_LANGUAGE_STANDARD = "gnu++17";
				CLANG_CXX_LIBRARY = "libc++";
				CLANG_ENABLE_MODULES = YES;
				CLANG_ENABLE_OBJC_ARC = YES;
				CLANG_ENABLE_OBJC_WEAK = YES;
				CLANG_WARN_BLOCK_CAPTURE_AUTORELEASING = YES;
				CLANG_WARN_BOOL_CONVERSION = YES;
				CLANG_WARN_COMMA = YES;
				CLANG_WARN_CONSTANT_CONVERSION = YES;
				CLANG_WARN_DEPRECATED_OBJC_IMPLEMENTATIONS = YES;
				CLANG_WARN_DIRECT_OBJC_ISA_USAGE = YES_ERROR;
				CLANG_WARN_DOCUMENTATION_COMMENTS = YES;
				CLANG_WARN_EMPTY_BODY = YES;
				CLANG_WARN_ENUM_CONVERSION = YES;
				CLANG_WARN_INFINITE_RECURSION = YES;
				CLANG_WARN_INT_CONVERSION = YES;
				CLANG_WARN_NON_LITERAL_NULL_CONVERSION = YES;
				CLANG_WARN_OBJC_IMPLICIT_RETAIN_SELF = YES;
				CLANG_WARN_OBJC_LITERAL_CONVERSION = YES;
				CLANG_WARN_OBJC_ROOT_CLASS = YES_ERROR;
				CLANG_WARN_QUOTED_INCLUDE_IN_FRAMEWORK_HEADER = YES;
				CLANG_WARN_RANGE_LOOP_ANALYSIS = YES;
				CLANG_WARN_STRICT_PROTOTYPES = YES;
				CLANG_WARN_SUSPICIOUS_MOVE = YES;
				CLANG_WARN_UNGUARDED_AVAILABILITY = YES_AGGRESSIVE;
				CLANG_WARN_UNREACHABLE_CODE = YES;
				CLANG_WARN__DUPLICATE_METHOD_MATCH = YES;
				COPY_PHASE_STRIP = NO;
				DEBUG_INFORMATION_FORMAT = "dwarf-with-dsym";
				ENABLE_NS_ASSERTIONS = NO;
				ENABLE_STRICT_OBJC_MSGSEND = YES;
				GCC_C_LANGUAGE_STANDARD = gnu11;
				GCC_NO_COMMON_BLOCKS = YES;
				GCC_WARN_64_TO_32_BIT_CONVERSION = YES;
				GCC_WARN_ABOUT_RETURN_TYPE = YES_ERROR;
				GCC_WARN_UNDECLARED_SELECTOR = YES;
				GCC_WARN_UNINITIALIZED_AUTOS = YES_AGGRESSIVE;
				GCC_WARN_UNUSED_FUNCTION = YES;
				GCC_WARN_UNUSED_VARIABLE = YES;
				IPHONEOS_DEPLOYMENT_TARGET = 15.0;
				MTL_ENABLE_DEBUG_INFO = NO;
				MTL_FAST_MATH = YES;
				SDKROOT = iphoneos;
				SWIFT_COMPILATION_MODE = wholemodule;
				SWIFT_OPTIMIZATION_LEVEL = "-O";
				VALIDATE_PRODUCT = YES;
			};
			name = Release;
		};
		6A3D7453270B458F00584FE4 /* Debug */ = {
			isa = XCBuildConfiguration;
			baseConfigurationReference = 88AE88B1BB56352160DA4896 /* Pods-ViewAnimations.debug.xcconfig */;
			buildSettings = {
				ASSETCATALOG_COMPILER_APPICON_NAME = AppIcon;
				ASSETCATALOG_COMPILER_GLOBAL_ACCENT_COLOR_NAME = AccentColor;
				CODE_SIGN_STYLE = Automatic;
				CURRENT_PROJECT_VERSION = 1;
				DEVELOPMENT_TEAM = G34J8SADKW;
				GENERATE_INFOPLIST_FILE = YES;
				INFOPLIST_FILE = ViewAnimations/Info.plist;
				INFOPLIST_KEY_UIApplicationSupportsIndirectInputEvents = YES;
				INFOPLIST_KEY_UILaunchStoryboardName = LaunchScreen;
				INFOPLIST_KEY_UIMainStoryboardFile = Main;
				INFOPLIST_KEY_UISupportedInterfaceOrientations_iPad = "UIInterfaceOrientationPortrait UIInterfaceOrientationPortraitUpsideDown UIInterfaceOrientationLandscapeLeft UIInterfaceOrientationLandscapeRight";
				INFOPLIST_KEY_UISupportedInterfaceOrientations_iPhone = "UIInterfaceOrientationPortrait UIInterfaceOrientationLandscapeLeft UIInterfaceOrientationLandscapeRight";
				LD_RUNPATH_SEARCH_PATHS = (
					"$(inherited)",
					"@executable_path/Frameworks",
				);
				MARKETING_VERSION = 1.0;
				PRODUCT_BUNDLE_IDENTIFIER = com.ubaidillah.uikit.ViewAnimations;
				PRODUCT_NAME = "$(TARGET_NAME)";
				SWIFT_EMIT_LOC_STRINGS = YES;
				SWIFT_VERSION = 5.0;
				TARGETED_DEVICE_FAMILY = "1,2";
			};
			name = Debug;
		};
		6A3D7454270B458F00584FE4 /* Release */ = {
			isa = XCBuildConfiguration;
			baseConfigurationReference = 8EFA3AD65762ECF56D53D598 /* Pods-ViewAnimations.release.xcconfig */;
			buildSettings = {
				ASSETCATALOG_COMPILER_APPICON_NAME = AppIcon;
				ASSETCATALOG_COMPILER_GLOBAL_ACCENT_COLOR_NAME = AccentColor;
				CODE_SIGN_STYLE = Automatic;
				CURRENT_PROJECT_VERSION = 1;
				DEVELOPMENT_TEAM = G34J8SADKW;
				GENERATE_INFOPLIST_FILE = YES;
				INFOPLIST_FILE = ViewAnimations/Info.plist;
				INFOPLIST_KEY_UIApplicationSupportsIndirectInputEvents = YES;
				INFOPLIST_KEY_UILaunchStoryboardName = LaunchScreen;
				INFOPLIST_KEY_UIMainStoryboardFile = Main;
				INFOPLIST_KEY_UISupportedInterfaceOrientations_iPad = "UIInterfaceOrientationPortrait UIInterfaceOrientationPortraitUpsideDown UIInterfaceOrientationLandscapeLeft UIInterfaceOrientationLandscapeRight";
				INFOPLIST_KEY_UISupportedInterfaceOrientations_iPhone = "UIInterfaceOrientationPortrait UIInterfaceOrientationLandscapeLeft UIInterfaceOrientationLandscapeRight";
				LD_RUNPATH_SEARCH_PATHS = (
					"$(inherited)",
					"@executable_path/Frameworks",
				);
				MARKETING_VERSION = 1.0;
				PRODUCT_BUNDLE_IDENTIFIER = com.ubaidillah.uikit.ViewAnimations;
				PRODUCT_NAME = "$(TARGET_NAME)";
				SWIFT_EMIT_LOC_STRINGS = YES;
				SWIFT_VERSION = 5.0;
				TARGETED_DEVICE_FAMILY = "1,2";
			};
			name = Release;
		};
/* End XCBuildConfiguration section */

/* Begin XCConfigurationList section */
		6A3D7439270B458D00584FE4 /* Build configuration list for PBXProject "ViewAnimations" */ = {
			isa = XCConfigurationList;
			buildConfigurations = (
				6A3D7450270B458F00584FE4 /* Debug */,
				6A3D7451270B458F00584FE4 /* Release */,
			);
			defaultConfigurationIsVisible = 0;
			defaultConfigurationName = Release;
		};
		6A3D7452270B458F00584FE4 /* Build configuration list for PBXNativeTarget "ViewAnimations" */ = {
			isa = XCConfigurationList;
			buildConfigurations = (
				6A3D7453270B458F00584FE4 /* Debug */,
				6A3D7454270B458F00584FE4 /* Release */,
			);
			defaultConfigurationIsVisible = 0;
			defaultConfigurationName = Release;
		};
/* End XCConfigurationList section */
	};
	rootObject = 6A3D7436270B458D00584FE4 /* Project object */;
}
